
Microsoft Visual Studio Solution File, Format Version 12.00
# Visual Studio 15
VisualStudioVersion = 15.0.28307.902
MinimumVisualStudioVersion = 10.0.40219.1
Project("{2150E333-8FDC-42A3-9474-1A3956D46DE8}") = "Solution Items", "Solution Items", "{77CEF2AD-C021-4772-B471-19F25504E0C3}"
EndProject
Project("{2150E333-8FDC-42A3-9474-1A3956D46DE8}") = "Python", "Python", "{D2E59EFA-FD9F-45FF-ACA5-CD3CE1432BAB}"
	ProjectSection(SolutionItems) = preProject
		Native\RegistryDelete.bat = Native\RegistryDelete.bat
		Native\RegistrySet.bat = Native\RegistrySet.bat
		Native\Youtube_dlForExtension.bat = Native\Youtube_dlForExtension.bat
		Native\Youtube_dlForExtension.json = Native\Youtube_dlForExtension.json
		Native\Youtube_dlForExtension.py = Native\Youtube_dlForExtension.py
		Native\Youtube_dlForExtensionUpdater.py = Native\Youtube_dlForExtensionUpdater.py
	EndProjectSection
EndProject
Project("{2150E333-8FDC-42A3-9474-1A3956D46DE8}") = "popup", "popup", "{DB89F6E3-6888-4A32-9BDC-4F395F6BE316}"
	ProjectSection(SolutionItems) = preProject
		Extension\popup\popup.css = Extension\popup\popup.css
		Extension\popup\popup.html = Extension\popup\popup.html
		Extension\popup\popup.js = Extension\popup\popup.js
	EndProjectSection
EndProject
Project("{2150E333-8FDC-42A3-9474-1A3956D46DE8}") = "options", "options", "{633EB4AE-73BF-4813-8AA5-76E952E1FB64}"
	ProjectSection(SolutionItems) = preProject
		Extension\popup\backgroundImage.js = Extension\popup\backgroundImage.js
		Extension\options\options.css = Extension\options\options.css
		Extension\options\options.html = Extension\options\options.html
		Extension\options\options.js = Extension\options\options.js
	EndProjectSection
EndProject
Project("{2150E333-8FDC-42A3-9474-1A3956D46DE8}") = "Extension", "Extension", "{9A7261C6-B457-472A-9E56-8EEF417701CF}"
	ProjectSection(SolutionItems) = preProject
		Extension\background.js = Extension\background.js
		Extension\manifest.json = Extension\manifest.json
	EndProjectSection
EndProject
Global
	GlobalSection(SolutionProperties) = preSolution
		HideSolutionNode = FALSE
	EndGlobalSection
	GlobalSection(NestedProjects) = preSolution
		{D2E59EFA-FD9F-45FF-ACA5-CD3CE1432BAB} = {77CEF2AD-C021-4772-B471-19F25504E0C3}
		{DB89F6E3-6888-4A32-9BDC-4F395F6BE316} = {9A7261C6-B457-472A-9E56-8EEF417701CF}
		{633EB4AE-73BF-4813-8AA5-76E952E1FB64} = {9A7261C6-B457-472A-9E56-8EEF417701CF}
		{9A7261C6-B457-472A-9E56-8EEF417701CF} = {77CEF2AD-C021-4772-B471-19F25504E0C3}
	EndGlobalSection
	GlobalSection(ExtensibilityGlobals) = postSolution
		SolutionGuid = {A9D1FD0E-EE60-4895-B1A6-35F9BB9604A4}
	EndGlobalSection
EndGlobal
